
Microsoft Visual Studio Solution File, Format Version 11.00
# Visual Studio 2010
Project("{FAE04EC0-301F-11D3-BF4B-00C04F79EFBC}") = "lab1", "lab1\lab1.csproj", "{0BE26331-EFEB-4C3C-9CD4-CF91B10DC4E9}"
EndProject
Global
	GlobalSection(SolutionConfigurationPlatforms) = preSolution
		Debug|x86 = Debug|x86
		Release|x86 = Release|x86
	EndGlobalSection
	GlobalSection(ProjectConfigurationPlatforms) = postSolution
		{0BE26331-EFEB-4C3C-9CD4-CF91B10DC4E9}.Debug|x86.ActiveCfg = Debug|x86
		{0BE26331-EFEB-4C3C-9CD4-CF91B10DC4E9}.Debug|x86.Build.0 = Debug|x86
		{0BE26331-EFEB-4C3C-9CD4-CF91B10DC4E9}.Release|x86.ActiveCfg = Release|x86
		{0BE26331-EFEB-4C3C-9CD4-CF91B10DC4E9}.Release|x86.Build.0 = Release|x86
	EndGlobalSection
	GlobalSection(MonoDevelopProperties) = preSolution
		StartupItem = lab1\lab1.csproj
	EndGlobalSection
EndGlobal
